
Microsoft Visual Studio Solution File, Format Version 12.00
# Visual Studio 15
VisualStudioVersion = 15.0.27703.2035
MinimumVisualStudioVersion = 10.0.40219.1
Project("{888888A0-9F3D-457C-B088-3A5042F75D52}") = "MaxSumRange", "MaxSumRange\MaxSumRange.pyproj", "{CC1CADD5-E9AF-4C3B-A1F0-6E40E39A6FDD}"
EndProject
Global
	GlobalSection(SolutionConfigurationPlatforms) = preSolution
		Debug|Any CPU = Debug|Any CPU
		Release|Any CPU = Release|Any CPU
	EndGlobalSection
	GlobalSection(ProjectConfigurationPlatforms) = postSolution
		{CC1CADD5-E9AF-4C3B-A1F0-6E40E39A6FDD}.Debug|Any CPU.ActiveCfg = Debug|Any CPU
		{CC1CADD5-E9AF-4C3B-A1F0-6E40E39A6FDD}.Release|Any CPU.ActiveCfg = Release|Any CPU
	EndGlobalSection
	GlobalSection(SolutionProperties) = preSolution
		HideSolutionNode = FALSE
	EndGlobalSection
	GlobalSection(ExtensibilityGlobals) = postSolution
		SolutionGuid = {06F1BD60-250B-42B0-B984-CEED48DDE7A1}
	EndGlobalSection
EndGlobal
